
Microsoft Visual Studio Solution File, Format Version 12.00
# Visual Studio Version 17
VisualStudioVersion = 17.2.32616.157
MinimumVisualStudioVersion = 10.0.40219.1
Project("{FAE04EC0-301F-11D3-BF4B-00C04F79EFBC}") = "ExcelToSql", "ExcelToSql\ExcelToSql.csproj", "{CC4C4288-8C61-469E-9474-8F55D0172BDD}"
EndProject
Global
	GlobalSection(SolutionConfigurationPlatforms) = preSolution
		Debug|Any CPU = Debug|Any CPU
		Release|Any CPU = Release|Any CPU
	EndGlobalSection
	GlobalSection(ProjectConfigurationPlatforms) = postSolution
		{CC4C4288-8C61-469E-9474-8F55D0172BDD}.Debug|Any CPU.ActiveCfg = Debug|Any CPU
		{CC4C4288-8C61-469E-9474-8F55D0172BDD}.Debug|Any CPU.Build.0 = Debug|Any CPU
		{CC4C4288-8C61-469E-9474-8F55D0172BDD}.Release|Any CPU.ActiveCfg = Release|Any CPU
		{CC4C4288-8C61-469E-9474-8F55D0172BDD}.Release|Any CPU.Build.0 = Release|Any CPU
	EndGlobalSection
	GlobalSection(SolutionProperties) = preSolution
		HideSolutionNode = FALSE
	EndGlobalSection
	GlobalSection(ExtensibilityGlobals) = postSolution
		SolutionGuid = {DDFB0805-8A60-4388-AF79-A20FA8E858B8}
	EndGlobalSection
EndGlobal
